// !$*UTF8*$!
{
	archiveVersion = 1;
	classes = {
	};
	objectVersion = 50;
	objects = {

/* Begin PBXBuildFile section */
		BB4F897C24000C5C00D4267B /* AppDelegate.swift in Sources */ = {isa = PBXBuildFile; fileRef = BB4F897B24000C5C00D4267B /* AppDelegate.swift */; };
		BB4F897E24000C5C00D4267B /* SceneDelegate.swift in Sources */ = {isa = PBXBuildFile; fileRef = BB4F897D24000C5C00D4267B /* SceneDelegate.swift */; };
		BB4F898124000C5C00D4267B /* BudjetointiApp.xcdatamodeld in Sources */ = {isa = PBXBuildFile; fileRef = BB4F897F24000C5C00D4267B /* BudjetointiApp.xcdatamodeld */; };
		BB4F898324000C5C00D4267B /* ContentView.swift in Sources */ = {isa = PBXBuildFile; fileRef = BB4F898224000C5C00D4267B /* ContentView.swift */; };
		BB4F898524000C6400D4267B /* Assets.xcassets in Resources */ = {isa = PBXBuildFile; fileRef = BB4F898424000C6400D4267B /* Assets.xcassets */; };
		BB4F898824000C6400D4267B /* Preview Assets.xcassets in Resources */ = {isa = PBXBuildFile; fileRef = BB4F898724000C6400D4267B /* Preview Assets.xcassets */; };
		BB4F898B24000C6400D4267B /* LaunchScreen.storyboard in Resources */ = {isa = PBXBuildFile; fileRef = BB4F898924000C6400D4267B /* LaunchScreen.storyboard */; };
		BB4F89952400111600D4267B /* AddExpenseView.swift in Sources */ = {isa = PBXBuildFile; fileRef = BB4F89942400111600D4267B /* AddExpenseView.swift */; };
		BB6BD1162436429F002C54CC /* Budget+CoreDataClass.swift in Sources */ = {isa = PBXBuildFile; fileRef = BB77E009241D1E6C0024E6D6 /* Budget+CoreDataClass.swift */; };
		BB6BD1172436429F002C54CC /* Budget+CoreDataProperties.swift in Sources */ = {isa = PBXBuildFile; fileRef = BB77E01724265FE40024E6D6 /* Budget+CoreDataProperties.swift */; };
		BB6BD11B2436435B002C54CC /* BudgetDetailView.swift in Sources */ = {isa = PBXBuildFile; fileRef = BB6BD11A2436435B002C54CC /* BudgetDetailView.swift */; };
		BB6BD11C24364641002C54CC /* BudjetointiApp.xcdatamodeld in Sources */ = {isa = PBXBuildFile; fileRef = BB4F897F24000C5C00D4267B /* BudjetointiApp.xcdatamodeld */; };
		BB6BD11D2436468F002C54CC /* DurationTimer.swift in Sources */ = {isa = PBXBuildFile; fileRef = BBEC6A9E24324EB9009BC844 /* DurationTimer.swift */; };
		BB6BD1252436530C002C54CC /* BottomMenuView.swift in Sources */ = {isa = PBXBuildFile; fileRef = BB6BD1242436530B002C54CC /* BottomMenuView.swift */; };
		BB77E00B241D1E6C0024E6D6 /* Budget+CoreDataClass.swift in Sources */ = {isa = PBXBuildFile; fileRef = BB77E009241D1E6C0024E6D6 /* Budget+CoreDataClass.swift */; };
		BB77E00E241D30F40024E6D6 /* BudgetExpensesView.swift in Sources */ = {isa = PBXBuildFile; fileRef = BB77E00D241D30F40024E6D6 /* BudgetExpensesView.swift */; };
		BB77E0102423DA7F0024E6D6 /* ShowBudgetsView.swift in Sources */ = {isa = PBXBuildFile; fileRef = BB77E00F2423DA7F0024E6D6 /* ShowBudgetsView.swift */; };
		BB77E014242655170024E6D6 /* AddBudgetView.swift in Sources */ = {isa = PBXBuildFile; fileRef = BB77E013242655170024E6D6 /* AddBudgetView.swift */; };
		BB77E01824265FE40024E6D6 /* Budget+CoreDataProperties.swift in Sources */ = {isa = PBXBuildFile; fileRef = BB77E01724265FE40024E6D6 /* Budget+CoreDataProperties.swift */; };
		BB77E01A242665710024E6D6 /* EditBudgetView.swift in Sources */ = {isa = PBXBuildFile; fileRef = BB77E019242665710024E6D6 /* EditBudgetView.swift */; };
		BB77E01C2426657C0024E6D6 /* EditExpenseView.swift in Sources */ = {isa = PBXBuildFile; fileRef = BB77E01B2426657C0024E6D6 /* EditExpenseView.swift */; };
		BB77E01E242673570024E6D6 /* SettingsView.swift in Sources */ = {isa = PBXBuildFile; fileRef = BB77E01D242673570024E6D6 /* SettingsView.swift */; };
		BB8B01402437226E0077A295 /* ConfirmationAlertView.swift in Sources */ = {isa = PBXBuildFile; fileRef = BB8B013F2437226E0077A295 /* ConfirmationAlertView.swift */; };
		BB8B01432437440E0077A295 /* TransferBudgetBalanceView.swift in Sources */ = {isa = PBXBuildFile; fileRef = BB8B01422437440E0077A295 /* TransferBudgetBalanceView.swift */; };
		BB8B014524389F3C0077A295 /* BudgetCalculations.swift in Sources */ = {isa = PBXBuildFile; fileRef = BB8B014424389F3C0077A295 /* BudgetCalculations.swift */; };
		BB8B01472438CB0E0077A295 /* MakeTransferView.swift in Sources */ = {isa = PBXBuildFile; fileRef = BB8B01462438CB0E0077A295 /* MakeTransferView.swift */; };
		BB8B01532438E7030077A295 /* Expense+CoreDataClass.swift in Sources */ = {isa = PBXBuildFile; fileRef = BB8B01512438E7030077A295 /* Expense+CoreDataClass.swift */; };
		BB8B01542438E7030077A295 /* Expense+CoreDataProperties.swift in Sources */ = {isa = PBXBuildFile; fileRef = BB8B01522438E7030077A295 /* Expense+CoreDataProperties.swift */; };
		BB8B01552438E7060077A295 /* Expense+CoreDataClass.swift in Sources */ = {isa = PBXBuildFile; fileRef = BB8B01512438E7030077A295 /* Expense+CoreDataClass.swift */; };
		BB8B01562438E7060077A295 /* Expense+CoreDataProperties.swift in Sources */ = {isa = PBXBuildFile; fileRef = BB8B01522438E7030077A295 /* Expense+CoreDataProperties.swift */; };
		BB8B0159243A4CAC0077A295 /* BudgetRowBackground.swift in Sources */ = {isa = PBXBuildFile; fileRef = BB8B0158243A4CAC0077A295 /* BudgetRowBackground.swift */; };
		BB8B015B243B14A00077A295 /* MoreExpenseDetailsView.swift in Sources */ = {isa = PBXBuildFile; fileRef = BB8B015A243B14A00077A295 /* MoreExpenseDetailsView.swift */; };
		BBAE97042407C5A400664945 /* Interface.storyboard in Resources */ = {isa = PBXBuildFile; fileRef = BBAE97022407C5A400664945 /* Interface.storyboard */; };
		BBAE97062407C5AA00664945 /* Assets.xcassets in Resources */ = {isa = PBXBuildFile; fileRef = BBAE97052407C5AA00664945 /* Assets.xcassets */; };
		BBAE970D2407C5AA00664945 /* WatchApp Extension.appex in Embed App Extensions */ = {isa = PBXBuildFile; fileRef = BBAE970C2407C5AA00664945 /* WatchApp Extension.appex */; settings = {ATTRIBUTES = (RemoveHeadersOnCopy, ); }; };
		BBAE97122407C5AA00664945 /* ContentView.swift in Sources */ = {isa = PBXBuildFile; fileRef = BBAE97112407C5AA00664945 /* ContentView.swift */; };
		BBAE97142407C5AA00664945 /* HostingController.swift in Sources */ = {isa = PBXBuildFile; fileRef = BBAE97132407C5AA00664945 /* HostingController.swift */; };
		BBAE97162407C5AA00664945 /* ExtensionDelegate.swift in Sources */ = {isa = PBXBuildFile; fileRef = BBAE97152407C5AA00664945 /* ExtensionDelegate.swift */; };
		BBAE97182407C5AA00664945 /* NotificationController.swift in Sources */ = {isa = PBXBuildFile; fileRef = BBAE97172407C5AA00664945 /* NotificationController.swift */; };
		BBAE971A2407C5AA00664945 /* NotificationView.swift in Sources */ = {isa = PBXBuildFile; fileRef = BBAE97192407C5AA00664945 /* NotificationView.swift */; };
		BBAE971C2407C5AC00664945 /* Assets.xcassets in Resources */ = {isa = PBXBuildFile; fileRef = BBAE971B2407C5AC00664945 /* Assets.xcassets */; };
		BBAE971F2407C5AC00664945 /* Preview Assets.xcassets in Resources */ = {isa = PBXBuildFile; fileRef = BBAE971E2407C5AC00664945 /* Preview Assets.xcassets */; };
		BBAE97242407C5AC00664945 /* WatchApp.app in Embed Watch Content */ = {isa = PBXBuildFile; fileRef = BBAE97002407C5A400664945 /* WatchApp.app */; settings = {ATTRIBUTES = (RemoveHeadersOnCopy, ); }; };
		BBEC6A9D242FA847009BC844 /* IpadWelcomeView.swift in Sources */ = {isa = PBXBuildFile; fileRef = BBEC6A9C242FA847009BC844 /* IpadWelcomeView.swift */; };
		BBEC6A9F24324EB9009BC844 /* DurationTimer.swift in Sources */ = {isa = PBXBuildFile; fileRef = BBEC6A9E24324EB9009BC844 /* DurationTimer.swift */; };
/* End PBXBuildFile section */

/* Begin PBXContainerItemProxy section */
		BBAE970E2407C5AA00664945 /* PBXContainerItemProxy */ = {
			isa = PBXContainerItemProxy;
			containerPortal = BB4F897024000C5C00D4267B /* Project object */;
			proxyType = 1;
			remoteGlobalIDString = BBAE970B2407C5AA00664945;
			remoteInfo = "WatchApp Extension";
		};
		BBAE97222407C5AC00664945 /* PBXContainerItemProxy */ = {
			isa = PBXContainerItemProxy;
			containerPortal = BB4F897024000C5C00D4267B /* Project object */;
			proxyType = 1;
			remoteGlobalIDString = BBAE96FF2407C5A400664945;
			remoteInfo = WatchApp;
		};
/* End PBXContainerItemProxy section */

/* Begin PBXCopyFilesBuildPhase section */
		BBAE97282407C5AC00664945 /* Embed App Extensions */ = {
			isa = PBXCopyFilesBuildPhase;
			buildActionMask = 2147483647;
			dstPath = "";
			dstSubfolderSpec = 13;
			files = (
				BBAE970D2407C5AA00664945 /* WatchApp Extension.appex in Embed App Extensions */,
			);
			name = "Embed App Extensions";
			runOnlyForDeploymentPostprocessing = 0;
		};
		BBAE972C2407C5AC00664945 /* Embed Watch Content */ = {
			isa = PBXCopyFilesBuildPhase;
			buildActionMask = 2147483647;
			dstPath = "$(CONTENTS_FOLDER_PATH)/Watch";
			dstSubfolderSpec = 16;
			files = (
				BBAE97242407C5AC00664945 /* WatchApp.app in Embed Watch Content */,
			);
			name = "Embed Watch Content";
			runOnlyForDeploymentPostprocessing = 0;
		};
/* End PBXCopyFilesBuildPhase section */

/* Begin PBXFileReference section */
		BB4F897824000C5C00D4267B /* BudjetointiApp.app */ = {isa = PBXFileReference; explicitFileType = wrapper.application; includeInIndex = 0; path = BudjetointiApp.app; sourceTree = BUILT_PRODUCTS_DIR; };
		BB4F897B24000C5C00D4267B /* AppDelegate.swift */ = {isa = PBXFileReference; lastKnownFileType = sourcecode.swift; path = AppDelegate.swift; sourceTree = "<group>"; };
		BB4F897D24000C5C00D4267B /* SceneDelegate.swift */ = {isa = PBXFileReference; lastKnownFileType = sourcecode.swift; path = SceneDelegate.swift; sourceTree = "<group>"; };
		BB4F898024000C5C00D4267B /* BudjetointiApp.xcdatamodel */ = {isa = PBXFileReference; lastKnownFileType = wrapper.xcdatamodel; path = BudjetointiApp.xcdatamodel; sourceTree = "<group>"; };
		BB4F898224000C5C00D4267B /* ContentView.swift */ = {isa = PBXFileReference; lastKnownFileType = sourcecode.swift; path = ContentView.swift; sourceTree = "<group>"; };
		BB4F898424000C6400D4267B /* Assets.xcassets */ = {isa = PBXFileReference; lastKnownFileType = folder.assetcatalog; path = Assets.xcassets; sourceTree = "<group>"; };
		BB4F898724000C6400D4267B /* Preview Assets.xcassets */ = {isa = PBXFileReference; lastKnownFileType = folder.assetcatalog; path = "Preview Assets.xcassets"; sourceTree = "<group>"; };
		BB4F898A24000C6400D4267B /* Base */ = {isa = PBXFileReference; lastKnownFileType = file.storyboard; name = Base; path = Base.lproj/LaunchScreen.storyboard; sourceTree = "<group>"; };
		BB4F898C24000C6400D4267B /* Info.plist */ = {isa = PBXFileReference; lastKnownFileType = text.plist.xml; path = Info.plist; sourceTree = "<group>"; };
		BB4F89942400111600D4267B /* AddExpenseView.swift */ = {isa = PBXFileReference; lastKnownFileType = sourcecode.swift; path = AddExpenseView.swift; sourceTree = "<group>"; };
		BB6BD11A2436435B002C54CC /* BudgetDetailView.swift */ = {isa = PBXFileReference; lastKnownFileType = sourcecode.swift; path = BudgetDetailView.swift; sourceTree = "<group>"; };
		BB6BD1242436530B002C54CC /* BottomMenuView.swift */ = {isa = PBXFileReference; lastKnownFileType = sourcecode.swift; path = BottomMenuView.swift; sourceTree = "<group>"; };
		BB77E009241D1E6C0024E6D6 /* Budget+CoreDataClass.swift */ = {isa = PBXFileReference; lastKnownFileType = sourcecode.swift; name = "Budget+CoreDataClass.swift"; path = "BudjetointiApp/CoreData/Budget+CoreDataClass.swift"; sourceTree = SOURCE_ROOT; };
		BB77E00D241D30F40024E6D6 /* BudgetExpensesView.swift */ = {isa = PBXFileReference; lastKnownFileType = sourcecode.swift; path = BudgetExpensesView.swift; sourceTree = "<group>"; };
		BB77E00F2423DA7F0024E6D6 /* ShowBudgetsView.swift */ = {isa = PBXFileReference; lastKnownFileType = sourcecode.swift; path = ShowBudgetsView.swift; sourceTree = "<group>"; };
		BB77E013242655170024E6D6 /* AddBudgetView.swift */ = {isa = PBXFileReference; lastKnownFileType = sourcecode.swift; path = AddBudgetView.swift; sourceTree = "<group>"; };
		BB77E01724265FE40024E6D6 /* Budget+CoreDataProperties.swift */ = {isa = PBXFileReference; lastKnownFileType = sourcecode.swift; name = "Budget+CoreDataProperties.swift"; path = "BudjetointiApp/CoreData/Budget+CoreDataProperties.swift"; sourceTree = SOURCE_ROOT; };
		BB77E019242665710024E6D6 /* EditBudgetView.swift */ = {isa = PBXFileReference; lastKnownFileType = sourcecode.swift; path = EditBudgetView.swift; sourceTree = "<group>"; };
		BB77E01B2426657C0024E6D6 /* EditExpenseView.swift */ = {isa = PBXFileReference; lastKnownFileType = sourcecode.swift; path = EditExpenseView.swift; sourceTree = "<group>"; };
		BB77E01D242673570024E6D6 /* SettingsView.swift */ = {isa = PBXFileReference; lastKnownFileType = sourcecode.swift; path = SettingsView.swift; sourceTree = "<group>"; };
		BB8B013F2437226E0077A295 /* ConfirmationAlertView.swift */ = {isa = PBXFileReference; lastKnownFileType = sourcecode.swift; path = ConfirmationAlertView.swift; sourceTree = "<group>"; };
		BB8B01422437440E0077A295 /* TransferBudgetBalanceView.swift */ = {isa = PBXFileReference; lastKnownFileType = sourcecode.swift; path = TransferBudgetBalanceView.swift; sourceTree = "<group>"; };
		BB8B014424389F3C0077A295 /* BudgetCalculations.swift */ = {isa = PBXFileReference; lastKnownFileType = sourcecode.swift; path = BudgetCalculations.swift; sourceTree = "<group>"; };
		BB8B01462438CB0E0077A295 /* MakeTransferView.swift */ = {isa = PBXFileReference; lastKnownFileType = sourcecode.swift; path = MakeTransferView.swift; sourceTree = "<group>"; };
		BB8B01512438E7030077A295 /* Expense+CoreDataClass.swift */ = {isa = PBXFileReference; lastKnownFileType = sourcecode.swift; name = "Expense+CoreDataClass.swift"; path = "BudjetointiApp/CoreData/Expense+CoreDataClass.swift"; sourceTree = SOURCE_ROOT; };
		BB8B01522438E7030077A295 /* Expense+CoreDataProperties.swift */ = {isa = PBXFileReference; lastKnownFileType = sourcecode.swift; name = "Expense+CoreDataProperties.swift"; path = "BudjetointiApp/CoreData/Expense+CoreDataProperties.swift"; sourceTree = SOURCE_ROOT; };
		BB8B0158243A4CAC0077A295 /* BudgetRowBackground.swift */ = {isa = PBXFileReference; lastKnownFileType = sourcecode.swift; path = BudgetRowBackground.swift; sourceTree = "<group>"; };
		BB8B015A243B14A00077A295 /* MoreExpenseDetailsView.swift */ = {isa = PBXFileReference; lastKnownFileType = sourcecode.swift; path = MoreExpenseDetailsView.swift; sourceTree = "<group>"; };
		BBAE97002407C5A400664945 /* WatchApp.app */ = {isa = PBXFileReference; explicitFileType = wrapper.application; includeInIndex = 0; path = WatchApp.app; sourceTree = BUILT_PRODUCTS_DIR; };
		BBAE97032407C5A400664945 /* Base */ = {isa = PBXFileReference; lastKnownFileType = file.storyboard; name = Base; path = Base.lproj/Interface.storyboard; sourceTree = "<group>"; };
		BBAE97052407C5AA00664945 /* Assets.xcassets */ = {isa = PBXFileReference; lastKnownFileType = folder.assetcatalog; path = Assets.xcassets; sourceTree = "<group>"; };
		BBAE97072407C5AA00664945 /* Info.plist */ = {isa = PBXFileReference; lastKnownFileType = text.plist.xml; path = Info.plist; sourceTree = "<group>"; };
		BBAE970C2407C5AA00664945 /* WatchApp Extension.appex */ = {isa = PBXFileReference; explicitFileType = "wrapper.app-extension"; includeInIndex = 0; path = "WatchApp Extension.appex"; sourceTree = BUILT_PRODUCTS_DIR; };
		BBAE97112407C5AA00664945 /* ContentView.swift */ = {isa = PBXFileReference; lastKnownFileType = sourcecode.swift; path = ContentView.swift; sourceTree = "<group>"; };
		BBAE97132407C5AA00664945 /* HostingController.swift */ = {isa = PBXFileReference; lastKnownFileType = sourcecode.swift; path = HostingController.swift; sourceTree = "<group>"; };
		BBAE97152407C5AA00664945 /* ExtensionDelegate.swift */ = {isa = PBXFileReference; lastKnownFileType = sourcecode.swift; path = ExtensionDelegate.swift; sourceTree = "<group>"; };
		BBAE97172407C5AA00664945 /* NotificationController.swift */ = {isa = PBXFileReference; lastKnownFileType = sourcecode.swift; path = NotificationController.swift; sourceTree = "<group>"; };
		BBAE97192407C5AA00664945 /* NotificationView.swift */ = {isa = PBXFileReference; lastKnownFileType = sourcecode.swift; path = NotificationView.swift; sourceTree = "<group>"; };
		BBAE971B2407C5AC00664945 /* Assets.xcassets */ = {isa = PBXFileReference; lastKnownFileType = folder.assetcatalog; path = Assets.xcassets; sourceTree = "<group>"; };
		BBAE971E2407C5AC00664945 /* Preview Assets.xcassets */ = {isa = PBXFileReference; lastKnownFileType = folder.assetcatalog; path = "Preview Assets.xcassets"; sourceTree = "<group>"; };
		BBAE97202407C5AC00664945 /* Info.plist */ = {isa = PBXFileReference; lastKnownFileType = text.plist.xml; path = Info.plist; sourceTree = "<group>"; };
		BBAE97212407C5AC00664945 /* PushNotificationPayload.apns */ = {isa = PBXFileReference; lastKnownFileType = text; path = PushNotificationPayload.apns; sourceTree = "<group>"; };
		BBEC6A9C242FA847009BC844 /* IpadWelcomeView.swift */ = {isa = PBXFileReference; lastKnownFileType = sourcecode.swift; path = IpadWelcomeView.swift; sourceTree = SOURCE_ROOT; };
		BBEC6A9E24324EB9009BC844 /* DurationTimer.swift */ = {isa = PBXFileReference; lastKnownFileType = sourcecode.swift; path = DurationTimer.swift; sourceTree = "<group>"; };
/* End PBXFileReference section */

/* Begin PBXFrameworksBuildPhase section */
		BB4F897524000C5C00D4267B /* Frameworks */ = {
			isa = PBXFrameworksBuildPhase;
			buildActionMask = 2147483647;
			files = (
			);
			runOnlyForDeploymentPostprocessing = 0;
		};
		BBAE97092407C5AA00664945 /* Frameworks */ = {
			isa = PBXFrameworksBuildPhase;
			buildActionMask = 2147483647;
			files = (
			);
			runOnlyForDeploymentPostprocessing = 0;
		};
/* End PBXFrameworksBuildPhase section */

/* Begin PBXGroup section */
		BB4F896F24000C5C00D4267B = {
			isa = PBXGroup;
			children = (
				BB4F897A24000C5C00D4267B /* BudjetointiApp */,
				BBAE97012407C5A400664945 /* WatchApp */,
				BBAE97102407C5AA00664945 /* WatchApp Extension */,
				BB4F897924000C5C00D4267B /* Products */,
			);
			sourceTree = "<group>";
		};
		BB4F897924000C5C00D4267B /* Products */ = {
			isa = PBXGroup;
			children = (
				BB4F897824000C5C00D4267B /* BudjetointiApp.app */,
				BBAE97002407C5A400664945 /* WatchApp.app */,
				BBAE970C2407C5AA00664945 /* WatchApp Extension.appex */,
			);
			name = Products;
			sourceTree = "<group>";
		};
		BB4F897A24000C5C00D4267B /* BudjetointiApp */ = {
			isa = PBXGroup;
			children = (
				BB8B0141243724E40077A295 /* CoreData */,
				BB4F897D24000C5C00D4267B /* SceneDelegate.swift */,
				BB4F897B24000C5C00D4267B /* AppDelegate.swift */,
				BB77E01D242673570024E6D6 /* SettingsView.swift */,
				BBEC6A9C242FA847009BC844 /* IpadWelcomeView.swift */,
				BB8B014A2438CFC60077A295 /* Budget transfer */,
				BBF511CD242D11040051A6C0 /* Budget */,
				BBEC6AA0243399D5009BC844 /* Expense */,
				BB4F898224000C5C00D4267B /* ContentView.swift */,
				BB8B0158243A4CAC0077A295 /* BudgetRowBackground.swift */,
				BB6BD1242436530B002C54CC /* BottomMenuView.swift */,
				BBEC6A9E24324EB9009BC844 /* DurationTimer.swift */,
				BB8B013F2437226E0077A295 /* ConfirmationAlertView.swift */,
				BB8B014424389F3C0077A295 /* BudgetCalculations.swift */,
				BB4F898424000C6400D4267B /* Assets.xcassets */,
				BB4F898924000C6400D4267B /* LaunchScreen.storyboard */,
				BB4F898C24000C6400D4267B /* Info.plist */,
				BB4F897F24000C5C00D4267B /* BudjetointiApp.xcdatamodeld */,
				BB4F898624000C6400D4267B /* Preview Content */,
			);
			path = BudjetointiApp;
			sourceTree = "<group>";
		};
		BB4F898624000C6400D4267B /* Preview Content */ = {
			isa = PBXGroup;
			children = (
				BB4F898724000C6400D4267B /* Preview Assets.xcassets */,
			);
			path = "Preview Content";
			sourceTree = "<group>";
		};
		BB8B0141243724E40077A295 /* CoreData */ = {
			isa = PBXGroup;
			children = (
				BB8B01512438E7030077A295 /* Expense+CoreDataClass.swift */,
				BB8B01522438E7030077A295 /* Expense+CoreDataProperties.swift */,
				BB77E009241D1E6C0024E6D6 /* Budget+CoreDataClass.swift */,
				BB77E01724265FE40024E6D6 /* Budget+CoreDataProperties.swift */,
			);
			path = CoreData;
			sourceTree = "<group>";
		};
		BB8B014A2438CFC60077A295 /* Budget transfer */ = {
			isa = PBXGroup;
			children = (
				BB8B01422437440E0077A295 /* TransferBudgetBalanceView.swift */,
				BB8B01462438CB0E0077A295 /* MakeTransferView.swift */,
			);
			path = "Budget transfer";
			sourceTree = "<group>";
		};
		BBAE97012407C5A400664945 /* WatchApp */ = {
			isa = PBXGroup;
			children = (
				BBAE97022407C5A400664945 /* Interface.storyboard */,
				BBAE97052407C5AA00664945 /* Assets.xcassets */,
				BBAE97072407C5AA00664945 /* Info.plist */,
			);
			path = WatchApp;
			sourceTree = "<group>";
		};
		BBAE97102407C5AA00664945 /* WatchApp Extension */ = {
			isa = PBXGroup;
			children = (
				BBAE97112407C5AA00664945 /* ContentView.swift */,
				BB6BD11A2436435B002C54CC /* BudgetDetailView.swift */,
				BBAE97132407C5AA00664945 /* HostingController.swift */,
				BBAE97152407C5AA00664945 /* ExtensionDelegate.swift */,
				BBAE97172407C5AA00664945 /* NotificationController.swift */,
				BBAE97192407C5AA00664945 /* NotificationView.swift */,
				BBAE971B2407C5AC00664945 /* Assets.xcassets */,
				BBAE97202407C5AC00664945 /* Info.plist */,
				BBAE97212407C5AC00664945 /* PushNotificationPayload.apns */,
				BBAE971D2407C5AC00664945 /* Preview Content */,
			);
			path = "WatchApp Extension";
			sourceTree = "<group>";
		};
		BBAE971D2407C5AC00664945 /* Preview Content */ = {
			isa = PBXGroup;
			children = (
				BBAE971E2407C5AC00664945 /* Preview Assets.xcassets */,
			);
			path = "Preview Content";
			sourceTree = "<group>";
		};
		BBEC6AA0243399D5009BC844 /* Expense */ = {
			isa = PBXGroup;
			children = (
				BB4F89942400111600D4267B /* AddExpenseView.swift */,
				BB77E01B2426657C0024E6D6 /* EditExpenseView.swift */,
			);
			path = Expense;
			sourceTree = "<group>";
		};
		BBF511CD242D11040051A6C0 /* Budget */ = {
			isa = PBXGroup;
			children = (
				BB77E00D241D30F40024E6D6 /* BudgetExpensesView.swift */,
				BB8B015A243B14A00077A295 /* MoreExpenseDetailsView.swift */,
				BB77E00F2423DA7F0024E6D6 /* ShowBudgetsView.swift */,
				BB77E019242665710024E6D6 /* EditBudgetView.swift */,
				BB77E013242655170024E6D6 /* AddBudgetView.swift */,
			);
			path = Budget;
			sourceTree = "<group>";
		};
/* End PBXGroup section */

/* Begin PBXNativeTarget section */
		BB4F897724000C5C00D4267B /* BudjetointiApp */ = {
			isa = PBXNativeTarget;
			buildConfigurationList = BB4F898F24000C6400D4267B /* Build configuration list for PBXNativeTarget "BudjetointiApp" */;
			buildPhases = (
				BB4F897424000C5C00D4267B /* Sources */,
				BB4F897524000C5C00D4267B /* Frameworks */,
				BB4F897624000C5C00D4267B /* Resources */,
				BBAE972C2407C5AC00664945 /* Embed Watch Content */,
			);
			buildRules = (
			);
			dependencies = (
				BBAE97232407C5AC00664945 /* PBXTargetDependency */,
			);
			name = BudjetointiApp;
			productName = BudjetointiApp;
			productReference = BB4F897824000C5C00D4267B /* BudjetointiApp.app */;
			productType = "com.apple.product-type.application";
		};
		BBAE96FF2407C5A400664945 /* WatchApp */ = {
			isa = PBXNativeTarget;
			buildConfigurationList = BBAE97292407C5AC00664945 /* Build configuration list for PBXNativeTarget "WatchApp" */;
			buildPhases = (
				BBAE96FE2407C5A400664945 /* Resources */,
				BBAE97282407C5AC00664945 /* Embed App Extensions */,
			);
			buildRules = (
			);
			dependencies = (
				BBAE970F2407C5AA00664945 /* PBXTargetDependency */,
			);
			name = WatchApp;
			productName = WatchApp;
			productReference = BBAE97002407C5A400664945 /* WatchApp.app */;
			productType = "com.apple.product-type.application.watchapp2";
		};
		BBAE970B2407C5AA00664945 /* WatchApp Extension */ = {
			isa = PBXNativeTarget;
			buildConfigurationList = BBAE97252407C5AC00664945 /* Build configuration list for PBXNativeTarget "WatchApp Extension" */;
			buildPhases = (
				BBAE97082407C5AA00664945 /* Sources */,
				BBAE97092407C5AA00664945 /* Frameworks */,
				BBAE970A2407C5AA00664945 /* Resources */,
			);
			buildRules = (
			);
			dependencies = (
			);
			name = "WatchApp Extension";
			productName = "WatchApp Extension";
			productReference = BBAE970C2407C5AA00664945 /* WatchApp Extension.appex */;
			productType = "com.apple.product-type.watchkit2-extension";
		};
/* End PBXNativeTarget section */

/* Begin PBXProject section */
		BB4F897024000C5C00D4267B /* Project object */ = {
			isa = PBXProject;
			attributes = {
				LastSwiftUpdateCheck = 1130;
				LastUpgradeCheck = 1130;
				ORGANIZATIONNAME = "Henri Loukonen";
				TargetAttributes = {
					BB4F897724000C5C00D4267B = {
						CreatedOnToolsVersion = 11.3.1;
					};
					BBAE96FF2407C5A400664945 = {
						CreatedOnToolsVersion = 11.3.1;
					};
					BBAE970B2407C5AA00664945 = {
						CreatedOnToolsVersion = 11.3.1;
					};
				};
			};
			buildConfigurationList = BB4F897324000C5C00D4267B /* Build configuration list for PBXProject "BudjetointiApp" */;
			compatibilityVersion = "Xcode 9.3";
			developmentRegion = en;
			hasScannedForEncodings = 0;
			knownRegions = (
				en,
				Base,
			);
			mainGroup = BB4F896F24000C5C00D4267B;
			productRefGroup = BB4F897924000C5C00D4267B /* Products */;
			projectDirPath = "";
			projectRoot = "";
			targets = (
				BB4F897724000C5C00D4267B /* BudjetointiApp */,
				BBAE96FF2407C5A400664945 /* WatchApp */,
				BBAE970B2407C5AA00664945 /* WatchApp Extension */,
			);
		};
/* End PBXProject section */

/* Begin PBXResourcesBuildPhase section */
		BB4F897624000C5C00D4267B /* Resources */ = {
			isa = PBXResourcesBuildPhase;
			buildActionMask = 2147483647;
			files = (
				BB4F898B24000C6400D4267B /* LaunchScreen.storyboard in Resources */,
				BB4F898824000C6400D4267B /* Preview Assets.xcassets in Resources */,
				BB4F898524000C6400D4267B /* Assets.xcassets in Resources */,
			);
			runOnlyForDeploymentPostprocessing = 0;
		};
		BBAE96FE2407C5A400664945 /* Resources */ = {
			isa = PBXResourcesBuildPhase;
			buildActionMask = 2147483647;
			files = (
				BBAE97062407C5AA00664945 /* Assets.xcassets in Resources */,
				BBAE97042407C5A400664945 /* Interface.storyboard in Resources */,
			);
			runOnlyForDeploymentPostprocessing = 0;
		};
		BBAE970A2407C5AA00664945 /* Resources */ = {
			isa = PBXResourcesBuildPhase;
			buildActionMask = 2147483647;
			files = (
				BBAE971F2407C5AC00664945 /* Preview Assets.xcassets in Resources */,
				BBAE971C2407C5AC00664945 /* Assets.xcassets in Resources */,
			);
			runOnlyForDeploymentPostprocessing = 0;
		};
/* End PBXResourcesBuildPhase section */

/* Begin PBXSourcesBuildPhase section */
		BB4F897424000C5C00D4267B /* Sources */ = {
			isa = PBXSourcesBuildPhase;
			buildActionMask = 2147483647;
			files = (
				BB77E01E242673570024E6D6 /* SettingsView.swift in Sources */,
				BB77E01824265FE40024E6D6 /* Budget+CoreDataProperties.swift in Sources */,
				BB8B01532438E7030077A295 /* Expense+CoreDataClass.swift in Sources */,
				BB77E00B241D1E6C0024E6D6 /* Budget+CoreDataClass.swift in Sources */,
				BB4F897C24000C5C00D4267B /* AppDelegate.swift in Sources */,
				BBEC6A9D242FA847009BC844 /* IpadWelcomeView.swift in Sources */,
				BB77E0102423DA7F0024E6D6 /* ShowBudgetsView.swift in Sources */,
				BB4F897E24000C5C00D4267B /* SceneDelegate.swift in Sources */,
				BB6BD1252436530C002C54CC /* BottomMenuView.swift in Sources */,
				BB8B01402437226E0077A295 /* ConfirmationAlertView.swift in Sources */,
				BB8B01432437440E0077A295 /* TransferBudgetBalanceView.swift in Sources */,
				BB8B015B243B14A00077A295 /* MoreExpenseDetailsView.swift in Sources */,
				BB8B0159243A4CAC0077A295 /* BudgetRowBackground.swift in Sources */,
				BB8B01542438E7030077A295 /* Expense+CoreDataProperties.swift in Sources */,
				BB77E01A242665710024E6D6 /* EditBudgetView.swift in Sources */,
				BB8B014524389F3C0077A295 /* BudgetCalculations.swift in Sources */,
				BB4F89952400111600D4267B /* AddExpenseView.swift in Sources */,
				BB4F898324000C5C00D4267B /* ContentView.swift in Sources */,
				BB77E00E241D30F40024E6D6 /* BudgetExpensesView.swift in Sources */,
				BB77E01C2426657C0024E6D6 /* EditExpenseView.swift in Sources */,
				BB8B01472438CB0E0077A295 /* MakeTransferView.swift in Sources */,
				BBEC6A9F24324EB9009BC844 /* DurationTimer.swift in Sources */,
				BB77E014242655170024E6D6 /* AddBudgetView.swift in Sources */,
				BB4F898124000C5C00D4267B /* BudjetointiApp.xcdatamodeld in Sources */,
			);
			runOnlyForDeploymentPostprocessing = 0;
		};
		BBAE97082407C5AA00664945 /* Sources */ = {
			isa = PBXSourcesBuildPhase;
			buildActionMask = 2147483647;
			files = (
				BBAE97142407C5AA00664945 /* HostingController.swift in Sources */,
				BBAE97122407C5AA00664945 /* ContentView.swift in Sources */,
				BB8B01552438E7060077A295 /* Expense+CoreDataClass.swift in Sources */,
				BBAE97182407C5AA00664945 /* NotificationController.swift in Sources */,
				BB6BD1172436429F002C54CC /* Budget+CoreDataProperties.swift in Sources */,
				BB6BD11C24364641002C54CC /* BudjetointiApp.xcdatamodeld in Sources */,
				BBAE97162407C5AA00664945 /* ExtensionDelegate.swift in Sources */,
				BB6BD1162436429F002C54CC /* Budget+CoreDataClass.swift in Sources */,
				BB8B01562438E7060077A295 /* Expense+CoreDataProperties.swift in Sources */,
				BB6BD11D2436468F002C54CC /* DurationTimer.swift in Sources */,
				BB6BD11B2436435B002C54CC /* BudgetDetailView.swift in Sources */,
				BBAE971A2407C5AA00664945 /* NotificationView.swift in Sources */,
			);
			runOnlyForDeploymentPostprocessing = 0;
		};
/* End PBXSourcesBuildPhase section */

/* Begin PBXTargetDependency section */
		BBAE970F2407C5AA00664945 /* PBXTargetDependency */ = {
			isa = PBXTargetDependency;
			target = BBAE970B2407C5AA00664945 /* WatchApp Extension */;
			targetProxy = BBAE970E2407C5AA00664945 /* PBXContainerItemProxy */;
		};
		BBAE97232407C5AC00664945 /* PBXTargetDependency */ = {
			isa = PBXTargetDependency;
			target = BBAE96FF2407C5A400664945 /* WatchApp */;
			targetProxy = BBAE97222407C5AC00664945 /* PBXContainerItemProxy */;
		};
/* End PBXTargetDependency section */

/* Begin PBXVariantGroup section */
		BB4F898924000C6400D4267B /* LaunchScreen.storyboard */ = {
			isa = PBXVariantGroup;
			children = (
				BB4F898A24000C6400D4267B /* Base */,
			);
			name = LaunchScreen.storyboard;
			sourceTree = "<group>";
		};
		BBAE97022407C5A400664945 /* Interface.storyboard */ = {
			isa = PBXVariantGroup;
			children = (
				BBAE97032407C5A400664945 /* Base */,
			);
			name = Interface.storyboard;
			sourceTree = "<group>";
		};
/* End PBXVariantGroup section */

/* Begin XCBuildConfiguration section */
		BB4F898D24000C6400D4267B /* Debug */ = {
			isa = XCBuildConfiguration;
			buildSettings = {
				ALWAYS_SEARCH_USER_PATHS = NO;
				CLANG_ANALYZER_NONNULL = YES;
				CLANG_ANALYZER_NUMBER_OBJECT_CONVERSION = YES_AGGRESSIVE;
				CLANG_CXX_LANGUAGE_STANDARD = "gnu++14";
				CLANG_CXX_LIBRARY = "libc++";
				CLANG_ENABLE_MODULES = YES;
				CLANG_ENABLE_OBJC_ARC = YES;
				CLANG_ENABLE_OBJC_WEAK = YES;
				CLANG_WARN_BLOCK_CAPTURE_AUTORELEASING = YES;
				CLANG_WARN_BOOL_CONVERSION = YES;
				CLANG_WARN_COMMA = YES;
				CLANG_WARN_CONSTANT_CONVERSION = YES;
				CLANG_WARN_DEPRECATED_OBJC_IMPLEMENTATIONS = YES;
				CLANG_WARN_DIRECT_OBJC_ISA_USAGE = YES_ERROR;
				CLANG_WARN_DOCUMENTATION_COMMENTS = YES;
				CLANG_WARN_EMPTY_BODY = YES;
				CLANG_WARN_ENUM_CONVERSION = YES;
				CLANG_WARN_INFINITE_RECURSION = YES;
				CLANG_WARN_INT_CONVERSION = YES;
				CLANG_WARN_NON_LITERAL_NULL_CONVERSION = YES;
				CLANG_WARN_OBJC_IMPLICIT_RETAIN_SELF = YES;
				CLANG_WARN_OBJC_LITERAL_CONVERSION = YES;
				CLANG_WARN_OBJC_ROOT_CLASS = YES_ERROR;
				CLANG_WARN_RANGE_LOOP_ANALYSIS = YES;
				CLANG_WARN_STRICT_PROTOTYPES = YES;
				CLANG_WARN_SUSPICIOUS_MOVE = YES;
				CLANG_WARN_UNGUARDED_AVAILABILITY = YES_AGGRESSIVE;
				CLANG_WARN_UNREACHABLE_CODE = YES;
				CLANG_WARN__DUPLICATE_METHOD_MATCH = YES;
				COPY_PHASE_STRIP = NO;
				DEBUG_INFORMATION_FORMAT = dwarf;
				ENABLE_STRICT_OBJC_MSGSEND = YES;
				ENABLE_TESTABILITY = YES;
				GCC_C_LANGUAGE_STANDARD = gnu11;
				GCC_DYNAMIC_NO_PIC = NO;
				GCC_NO_COMMON_BLOCKS = YES;
				GCC_OPTIMIZATION_LEVEL = 0;
				GCC_PREPROCESSOR_DEFINITIONS = (
					"DEBUG=1",
					"$(inherited)",
				);
				GCC_WARN_64_TO_32_BIT_CONVERSION = YES;
				GCC_WARN_ABOUT_RETURN_TYPE = YES_ERROR;
				GCC_WARN_UNDECLARED_SELECTOR = YES;
				GCC_WARN_UNINITIALIZED_AUTOS = YES_AGGRESSIVE;
				GCC_WARN_UNUSED_FUNCTION = YES;
				GCC_WARN_UNUSED_VARIABLE = YES;
				IPHONEOS_DEPLOYMENT_TARGET = 13.2;
				MTL_ENABLE_DEBUG_INFO = INCLUDE_SOURCE;
				MTL_FAST_MATH = YES;
				ONLY_ACTIVE_ARCH = YES;
				SDKROOT = iphoneos;
				SWIFT_ACTIVE_COMPILATION_CONDITIONS = DEBUG;
				SWIFT_OPTIMIZATION_LEVEL = "-Onone";
			};
			name = Debug;
		};
		BB4F898E24000C6400D4267B /* Release */ = {
			isa = XCBuildConfiguration;
			buildSettings = {
				ALWAYS_SEARCH_USER_PATHS = NO;
				CLANG_ANALYZER_NONNULL = YES;
				CLANG_ANALYZER_NUMBER_OBJECT_CONVERSION = YES_AGGRESSIVE;
				CLANG_CXX_LANGUAGE_STANDARD = "gnu++14";
				CLANG_CXX_LIBRARY = "libc++";
				CLANG_ENABLE_MODULES = YES;
				CLANG_ENABLE_OBJC_ARC = YES;
				CLANG_ENABLE_OBJC_WEAK = YES;
				CLANG_WARN_BLOCK_CAPTURE_AUTORELEASING = YES;
				CLANG_WARN_BOOL_CONVERSION = YES;
				CLANG_WARN_COMMA = YES;
				CLANG_WARN_CONSTANT_CONVERSION = YES;
				CLANG_WARN_DEPRECATED_OBJC_IMPLEMENTATIONS = YES;
				CLANG_WARN_DIRECT_OBJC_ISA_USAGE = YES_ERROR;
				CLANG_WARN_DOCUMENTATION_COMMENTS = YES;
				CLANG_WARN_EMPTY_BODY = YES;
				CLANG_WARN_ENUM_CONVERSION = YES;
				CLANG_WARN_INFINITE_RECURSION = YES;
				CLANG_WARN_INT_CONVERSION = YES;
				CLANG_WARN_NON_LITERAL_NULL_CONVERSION = YES;
				CLANG_WARN_OBJC_IMPLICIT_RETAIN_SELF = YES;
				CLANG_WARN_OBJC_LITERAL_CONVERSION = YES;
				CLANG_WARN_OBJC_ROOT_CLASS = YES_ERROR;
				CLANG_WARN_RANGE_LOOP_ANALYSIS = YES;
				CLANG_WARN_STRICT_PROTOTYPES = YES;
				CLANG_WARN_SUSPICIOUS_MOVE = YES;
				CLANG_WARN_UNGUARDED_AVAILABILITY = YES_AGGRESSIVE;
				CLANG_WARN_UNREACHABLE_CODE = YES;
				CLANG_WARN__DUPLICATE_METHOD_MATCH = YES;
				COPY_PHASE_STRIP = NO;
				DEBUG_INFORMATION_FORMAT = "dwarf-with-dsym";
				ENABLE_NS_ASSERTIONS = NO;
				ENABLE_STRICT_OBJC_MSGSEND = YES;
				GCC_C_LANGUAGE_STANDARD = gnu11;
				GCC_NO_COMMON_BLOCKS = YES;
				GCC_WARN_64_TO_32_BIT_CONVERSION = YES;
				GCC_WARN_ABOUT_RETURN_TYPE = YES_ERROR;
				GCC_WARN_UNDECLARED_SELECTOR = YES;
				GCC_WARN_UNINITIALIZED_AUTOS = YES_AGGRESSIVE;
				GCC_WARN_UNUSED_FUNCTION = YES;
				GCC_WARN_UNUSED_VARIABLE = YES;
				IPHONEOS_DEPLOYMENT_TARGET = 13.2;
				MTL_ENABLE_DEBUG_INFO = NO;
				MTL_FAST_MATH = YES;
				SDKROOT = iphoneos;
				SWIFT_COMPILATION_MODE = wholemodule;
				SWIFT_OPTIMIZATION_LEVEL = "-O";
				VALIDATE_PRODUCT = YES;
			};
			name = Release;
		};
		BB4F899024000C6400D4267B /* Debug */ = {
			isa = XCBuildConfiguration;
			buildSettings = {
				ASSETCATALOG_COMPILER_APPICON_NAME = AppIcon;
				CODE_SIGN_STYLE = Automatic;
				DEVELOPMENT_ASSET_PATHS = "\"BudjetointiApp/Preview Content\"";
				DEVELOPMENT_TEAM = 9N39D7WC7C;
				ENABLE_PREVIEWS = YES;
				INFOPLIST_FILE = BudjetointiApp/Info.plist;
				LD_RUNPATH_SEARCH_PATHS = (
					"$(inherited)",
					"@executable_path/Frameworks",
				);
				PRODUCT_BUNDLE_IDENTIFIER = com.henriloukonen.BudjetointiApp;
				PRODUCT_NAME = "$(TARGET_NAME)";
				SWIFT_VERSION = 5.0;
				TARGETED_DEVICE_FAMILY = "1,2";
			};
			name = Debug;
		};
		BB4F899124000C6400D4267B /* Release */ = {
			isa = XCBuildConfiguration;
			buildSettings = {
				ASSETCATALOG_COMPILER_APPICON_NAME = AppIcon;
				CODE_SIGN_STYLE = Automatic;
				DEVELOPMENT_ASSET_PATHS = "\"BudjetointiApp/Preview Content\"";
				DEVELOPMENT_TEAM = 9N39D7WC7C;
				ENABLE_PREVIEWS = YES;
				INFOPLIST_FILE = BudjetointiApp/Info.plist;
				LD_RUNPATH_SEARCH_PATHS = (
					"$(inherited)",
					"@executable_path/Frameworks",
				);
				PRODUCT_BUNDLE_IDENTIFIER = com.henriloukonen.BudjetointiApp;
				PRODUCT_NAME = "$(TARGET_NAME)";
				SWIFT_VERSION = 5.0;
				TARGETED_DEVICE_FAMILY = "1,2";
			};
			name = Release;
		};
		BBAE97262407C5AC00664945 /* Debug */ = {
			isa = XCBuildConfiguration;
			buildSettings = {
				ASSETCATALOG_COMPILER_COMPLICATION_NAME = Complication;
				CODE_SIGN_STYLE = Automatic;
				DEVELOPMENT_ASSET_PATHS = "\"WatchApp Extension/Preview Content\"";
				DEVELOPMENT_TEAM = 9N39D7WC7C;
				ENABLE_PREVIEWS = YES;
				INFOPLIST_FILE = "WatchApp Extension/Info.plist";
				LD_RUNPATH_SEARCH_PATHS = (
					"$(inherited)",
					"@executable_path/Frameworks",
					"@executable_path/../../Frameworks",
				);
				PRODUCT_BUNDLE_IDENTIFIER = com.henriloukonen.BudjetointiApp.watchkitapp.watchkitextension;
				PRODUCT_NAME = "${TARGET_NAME}";
				SDKROOT = watchos;
				SKIP_INSTALL = YES;
				SWIFT_VERSION = 5.0;
				TARGETED_DEVICE_FAMILY = 4;
				WATCHOS_DEPLOYMENT_TARGET = 6.1;
			};
			name = Debug;
		};
		BBAE97272407C5AC00664945 /* Release */ = {
			isa = XCBuildConfiguration;
			buildSettings = {
				ASSETCATALOG_COMPILER_COMPLICATION_NAME = Complication;
				CODE_SIGN_STYLE = Automatic;
				DEVELOPMENT_ASSET_PATHS = "\"WatchApp Extension/Preview Content\"";
				DEVELOPMENT_TEAM = 9N39D7WC7C;
				ENABLE_PREVIEWS = YES;
				INFOPLIST_FILE = "WatchApp Extension/Info.plist";
				LD_RUNPATH_SEARCH_PATHS = (
					"$(inherited)",
					"@executable_path/Frameworks",
					"@executable_path/../../Frameworks",
				);
				PRODUCT_BUNDLE_IDENTIFIER = com.henriloukonen.BudjetointiApp.watchkitapp.watchkitextension;
				PRODUCT_NAME = "${TARGET_NAME}";
				SDKROOT = watchos;
				SKIP_INSTALL = YES;
				SWIFT_VERSION = 5.0;
				TARGETED_DEVICE_FAMILY = 4;
				WATCHOS_DEPLOYMENT_TARGET = 6.1;
			};
			name = Release;
		};
		BBAE972A2407C5AC00664945 /* Debug */ = {
			isa = XCBuildConfiguration;
			buildSettings = {
				ALWAYS_EMBED_SWIFT_STANDARD_LIBRARIES = YES;
				ASSETCATALOG_COMPILER_APPICON_NAME = AppIcon;
				CODE_SIGN_STYLE = Automatic;
				DEVELOPMENT_TEAM = 9N39D7WC7C;
				IBSC_MODULE = WatchApp_Extension;
				INFOPLIST_FILE = WatchApp/Info.plist;
				PRODUCT_BUNDLE_IDENTIFIER = com.henriloukonen.BudjetointiApp.watchkitapp;
				PRODUCT_NAME = "$(TARGET_NAME)";
				SDKROOT = watchos;
				SKIP_INSTALL = YES;
				SWIFT_VERSION = 5.0;
				TARGETED_DEVICE_FAMILY = 4;
				WATCHOS_DEPLOYMENT_TARGET = 6.1;
			};
			name = Debug;
		};
		BBAE972B2407C5AC00664945 /* Release */ = {
			isa = XCBuildConfiguration;
			buildSettings = {
				ALWAYS_EMBED_SWIFT_STANDARD_LIBRARIES = YES;
				ASSETCATALOG_COMPILER_APPICON_NAME = AppIcon;
				CODE_SIGN_STYLE = Automatic;
				DEVELOPMENT_TEAM = 9N39D7WC7C;
				IBSC_MODULE = WatchApp_Extension;
				INFOPLIST_FILE = WatchApp/Info.plist;
				PRODUCT_BUNDLE_IDENTIFIER = com.henriloukonen.BudjetointiApp.watchkitapp;
				PRODUCT_NAME = "$(TARGET_NAME)";
				SDKROOT = watchos;
				SKIP_INSTALL = YES;
				SWIFT_VERSION = 5.0;
				TARGETED_DEVICE_FAMILY = 4;
				WATCHOS_DEPLOYMENT_TARGET = 6.1;
			};
			name = Release;
		};
/* End XCBuildConfiguration section */

/* Begin XCConfigurationList section */
		BB4F897324000C5C00D4267B /* Build configuration list for PBXProject "BudjetointiApp" */ = {
			isa = XCConfigurationList;
			buildConfigurations = (
				BB4F898D24000C6400D4267B /* Debug */,
				BB4F898E24000C6400D4267B /* Release */,
			);
			defaultConfigurationIsVisible = 0;
			defaultConfigurationName = Release;
		};
		BB4F898F24000C6400D4267B /* Build configuration list for PBXNativeTarget "BudjetointiApp" */ = {
			isa = XCConfigurationList;
			buildConfigurations = (
				BB4F899024000C6400D4267B /* Debug */,
				BB4F899124000C6400D4267B /* Release */,
			);
			defaultConfigurationIsVisible = 0;
			defaultConfigurationName = Release;
		};
		BBAE97252407C5AC00664945 /* Build configuration list for PBXNativeTarget "WatchApp Extension" */ = {
			isa = XCConfigurationList;
			buildConfigurations = (
				BBAE97262407C5AC00664945 /* Debug */,
				BBAE97272407C5AC00664945 /* Release */,
			);
			defaultConfigurationIsVisible = 0;
			defaultConfigurationName = Release;
		};
		BBAE97292407C5AC00664945 /* Build configuration list for PBXNativeTarget "WatchApp" */ = {
			isa = XCConfigurationList;
			buildConfigurations = (
				BBAE972A2407C5AC00664945 /* Debug */,
				BBAE972B2407C5AC00664945 /* Release */,
			);
			defaultConfigurationIsVisible = 0;
			defaultConfigurationName = Release;
		};
/* End XCConfigurationList section */

/* Begin XCVersionGroup section */
		BB4F897F24000C5C00D4267B /* BudjetointiApp.xcdatamodeld */ = {
			isa = XCVersionGroup;
			children = (
				BB4F898024000C5C00D4267B /* BudjetointiApp.xcdatamodel */,
			);
			currentVersion = BB4F898024000C5C00D4267B /* BudjetointiApp.xcdatamodel */;
			path = BudjetointiApp.xcdatamodeld;
			sourceTree = "<group>";
			versionGroupType = wrapper.xcdatamodel;
		};
/* End XCVersionGroup section */
	};
	rootObject = BB4F897024000C5C00D4267B /* Project object */;
}
